// !$*UTF8*$!
{
	archiveVersion = 1;
	classes = {
	};
	objectVersion = 46;
	objects = {

/* Begin PBXBuildFile section */
		682923811C5B0FAC0042ADA1 /* AppDelegate.swift in Sources */ = {isa = PBXBuildFile; fileRef = 682923801C5B0FAC0042ADA1 /* AppDelegate.swift */; };
		682923831C5B0FAC0042ADA1 /* FirstViewController.swift in Sources */ = {isa = PBXBuildFile; fileRef = 682923821C5B0FAC0042ADA1 /* FirstViewController.swift */; };
		682923851C5B0FAC0042ADA1 /* SecondViewController.swift in Sources */ = {isa = PBXBuildFile; fileRef = 682923841C5B0FAC0042ADA1 /* SecondViewController.swift */; };
		682923881C5B0FAC0042ADA1 /* Main.storyboard in Resources */ = {isa = PBXBuildFile; fileRef = 682923861C5B0FAC0042ADA1 /* Main.storyboard */; };
		6829238A1C5B0FAC0042ADA1 /* Assets.xcassets in Resources */ = {isa = PBXBuildFile; fileRef = 682923891C5B0FAC0042ADA1 /* Assets.xcassets */; };
		6829238D1C5B0FAC0042ADA1 /* LaunchScreen.storyboard in Resources */ = {isa = PBXBuildFile; fileRef = 6829238B1C5B0FAC0042ADA1 /* LaunchScreen.storyboard */; };
		6829239D1C5B19A40042ADA1 /* LoginViewController.swift in Sources */ = {isa = PBXBuildFile; fileRef = 6829239C1C5B19A40042ADA1 /* LoginViewController.swift */; };
/* End PBXBuildFile section */

/* Begin PBXFileReference section */
		6829237D1C5B0FAC0042ADA1 /* OnTheMap.app */ = {isa = PBXFileReference; explicitFileType = wrapper.application; includeInIndex = 0; path = OnTheMap.app; sourceTree = BUILT_PRODUCTS_DIR; };
		682923801C5B0FAC0042ADA1 /* AppDelegate.swift */ = {isa = PBXFileReference; lastKnownFileType = sourcecode.swift; path = AppDelegate.swift; sourceTree = "<group>"; };
		682923821C5B0FAC0042ADA1 /* FirstViewController.swift */ = {isa = PBXFileReference; lastKnownFileType = sourcecode.swift; path = FirstViewController.swift; sourceTree = "<group>"; };
		682923841C5B0FAC0042ADA1 /* SecondViewController.swift */ = {isa = PBXFileReference; lastKnownFileType = sourcecode.swift; path = SecondViewController.swift; sourceTree = "<group>"; };
		682923871C5B0FAC0042ADA1 /* Base */ = {isa = PBXFileReference; lastKnownFileType = file.storyboard; name = Base; path = Base.lproj/Main.storyboard; sourceTree = "<group>"; };
		682923891C5B0FAC0042ADA1 /* Assets.xcassets */ = {isa = PBXFileReference; lastKnownFileType = folder.assetcatalog; path = Assets.xcassets; sourceTree = "<group>"; };
		6829238C1C5B0FAC0042ADA1 /* Base */ = {isa = PBXFileReference; lastKnownFileType = file.storyboard; name = Base; path = Base.lproj/LaunchScreen.storyboard; sourceTree = "<group>"; };
		6829238E1C5B0FAC0042ADA1 /* Info.plist */ = {isa = PBXFileReference; lastKnownFileType = text.plist.xml; path = Info.plist; sourceTree = "<group>"; };
		682923981C5B16C20042ADA1 /* Roboto-Medium.ttf */ = {isa = PBXFileReference; lastKnownFileType = file; path = "Roboto-Medium.ttf"; sourceTree = "<group>"; };
		682923991C5B16C30042ADA1 /* Roboto-Regular.ttf */ = {isa = PBXFileReference; lastKnownFileType = file; path = "Roboto-Regular.ttf"; sourceTree = "<group>"; };
		6829239A1C5B16C30042ADA1 /* Roboto-Thin.ttf */ = {isa = PBXFileReference; lastKnownFileType = file; path = "Roboto-Thin.ttf"; sourceTree = "<group>"; };
		6829239C1C5B19A40042ADA1 /* LoginViewController.swift */ = {isa = PBXFileReference; fileEncoding = 4; lastKnownFileType = sourcecode.swift; path = LoginViewController.swift; sourceTree = "<group>"; };
/* End PBXFileReference section */

/* Begin PBXFrameworksBuildPhase section */
		6829237A1C5B0FAC0042ADA1 /* Frameworks */ = {
			isa = PBXFrameworksBuildPhase;
			buildActionMask = 2147483647;
			files = (
			);
			runOnlyForDeploymentPostprocessing = 0;
		};
/* End PBXFrameworksBuildPhase section */

/* Begin PBXGroup section */
		682923741C5B0FAC0042ADA1 = {
			isa = PBXGroup;
			children = (
				6829237F1C5B0FAC0042ADA1 /* OnTheMap */,
				6829237E1C5B0FAC0042ADA1 /* Products */,
			);
			sourceTree = "<group>";
		};
		6829237E1C5B0FAC0042ADA1 /* Products */ = {
			isa = PBXGroup;
			children = (
				6829237D1C5B0FAC0042ADA1 /* OnTheMap.app */,
			);
			name = Products;
			sourceTree = "<group>";
		};
		6829237F1C5B0FAC0042ADA1 /* OnTheMap */ = {
			isa = PBXGroup;
			children = (
				682923961C5B11B20042ADA1 /* Controllers */,
				682923951C5B11A90042ADA1 /* Views */,
				682923941C5B119E0042ADA1 /* Model */,
				6829239B1C5B16D90042ADA1 /* Supporting Files */,
			);
			path = OnTheMap;
			sourceTree = "<group>";
		};
		682923941C5B119E0042ADA1 /* Model */ = {
			isa = PBXGroup;
			children = (
				682923801C5B0FAC0042ADA1 /* AppDelegate.swift */,
			);
			name = Model;
			sourceTree = "<group>";
		};
		682923951C5B11A90042ADA1 /* Views */ = {
			isa = PBXGroup;
			children = (
				682923861C5B0FAC0042ADA1 /* Main.storyboard */,
				6829238B1C5B0FAC0042ADA1 /* LaunchScreen.storyboard */,
			);
			name = Views;
			sourceTree = "<group>";
		};
		682923961C5B11B20042ADA1 /* Controllers */ = {
			isa = PBXGroup;
			children = (
				682923821C5B0FAC0042ADA1 /* FirstViewController.swift */,
				682923841C5B0FAC0042ADA1 /* SecondViewController.swift */,
				6829239C1C5B19A40042ADA1 /* LoginViewController.swift */,
			);
			name = Controllers;
			sourceTree = "<group>";
		};
		6829239B1C5B16D90042ADA1 /* Supporting Files */ = {
			isa = PBXGroup;
			children = (
				682923891C5B0FAC0042ADA1 /* Assets.xcassets */,
				6829238E1C5B0FAC0042ADA1 /* Info.plist */,
				682923981C5B16C20042ADA1 /* Roboto-Medium.ttf */,
				682923991C5B16C30042ADA1 /* Roboto-Regular.ttf */,
				6829239A1C5B16C30042ADA1 /* Roboto-Thin.ttf */,
			);
			name = "Supporting Files";
			sourceTree = "<group>";
		};
/* End PBXGroup section */

/* Begin PBXNativeTarget section */
		6829237C1C5B0FAC0042ADA1 /* OnTheMap */ = {
			isa = PBXNativeTarget;
			buildConfigurationList = 682923911C5B0FAC0042ADA1 /* Build configuration list for PBXNativeTarget "OnTheMap" */;
			buildPhases = (
				682923791C5B0FAC0042ADA1 /* Sources */,
				6829237A1C5B0FAC0042ADA1 /* Frameworks */,
				6829237B1C5B0FAC0042ADA1 /* Resources */,
			);
			buildRules = (
			);
			dependencies = (
			);
			name = OnTheMap;
			productName = OnTheMap;
			productReference = 6829237D1C5B0FAC0042ADA1 /* OnTheMap.app */;
			productType = "com.apple.product-type.application";
		};
/* End PBXNativeTarget section */

/* Begin PBXProject section */
		682923751C5B0FAC0042ADA1 /* Project object */ = {
			isa = PBXProject;
			attributes = {
				LastSwiftUpdateCheck = 0720;
				LastUpgradeCheck = 0720;
				ORGANIZATIONNAME = "Edward Groberski";
				TargetAttributes = {
					6829237C1C5B0FAC0042ADA1 = {
						CreatedOnToolsVersion = 7.2;
						DevelopmentTeam = RCWCWB4E6V;
					};
				};
			};
			buildConfigurationList = 682923781C5B0FAC0042ADA1 /* Build configuration list for PBXProject "OnTheMap" */;
			compatibilityVersion = "Xcode 3.2";
			developmentRegion = English;
			hasScannedForEncodings = 0;
			knownRegions = (
				en,
				Base,
			);
			mainGroup = 682923741C5B0FAC0042ADA1;
			productRefGroup = 6829237E1C5B0FAC0042ADA1 /* Products */;
			projectDirPath = "";
			projectRoot = "";
			targets = (
				6829237C1C5B0FAC0042ADA1 /* OnTheMap */,
			);
		};
/* End PBXProject section */

/* Begin PBXResourcesBuildPhase section */
		6829237B1C5B0FAC0042ADA1 /* Resources */ = {
			isa = PBXResourcesBuildPhase;
			buildActionMask = 2147483647;
			files = (
				6829238D1C5B0FAC0042ADA1 /* LaunchScreen.storyboard in Resources */,
				6829238A1C5B0FAC0042ADA1 /* Assets.xcassets in Resources */,
				682923881C5B0FAC0042ADA1 /* Main.storyboard in Resources */,
			);
			runOnlyForDeploymentPostprocessing = 0;
		};
/* End PBXResourcesBuildPhase section */

/* Begin PBXSourcesBuildPhase section */
		682923791C5B0FAC0042ADA1 /* Sources */ = {
			isa = PBXSourcesBuildPhase;
			buildActionMask = 2147483647;
			files = (
				6829239D1C5B19A40042ADA1 /* LoginViewController.swift in Sources */,
				682923851C5B0FAC0042ADA1 /* SecondViewController.swift in Sources */,
				682923811C5B0FAC0042ADA1 /* AppDelegate.swift in Sources */,
				682923831C5B0FAC0042ADA1 /* FirstViewController.swift in Sources */,
			);
			runOnlyForDeploymentPostprocessing = 0;
		};
/* End PBXSourcesBuildPhase section */

/* Begin PBXVariantGroup section */
		682923861C5B0FAC0042ADA1 /* Main.storyboard */ = {
			isa = PBXVariantGroup;
			children = (
				682923871C5B0FAC0042ADA1 /* Base */,
			);
			name = Main.storyboard;
			sourceTree = "<group>";
		};
		6829238B1C5B0FAC0042ADA1 /* LaunchScreen.storyboard */ = {
			isa = PBXVariantGroup;
			children = (
				6829238C1C5B0FAC0042ADA1 /* Base */,
			);
			name = LaunchScreen.storyboard;
			sourceTree = "<group>";
		};
/* End PBXVariantGroup section */

/* Begin XCBuildConfiguration section */
		6829238F1C5B0FAC0042ADA1 /* Debug */ = {
			isa = XCBuildConfiguration;
			buildSettings = {
				ALWAYS_SEARCH_USER_PATHS = NO;
				CLANG_CXX_LANGUAGE_STANDARD = "gnu++0x";
				CLANG_CXX_LIBRARY = "libc++";
				CLANG_ENABLE_MODULES = YES;
				CLANG_ENABLE_OBJC_ARC = YES;
				CLANG_WARN_BOOL_CONVERSION = YES;
				CLANG_WARN_CONSTANT_CONVERSION = YES;
				CLANG_WARN_DIRECT_OBJC_ISA_USAGE = YES_ERROR;
				CLANG_WARN_EMPTY_BODY = YES;
				CLANG_WARN_ENUM_CONVERSION = YES;
				CLANG_WARN_INT_CONVERSION = YES;
				CLANG_WARN_OBJC_ROOT_CLASS = YES_ERROR;
				CLANG_WARN_UNREACHABLE_CODE = YES;
				CLANG_WARN__DUPLICATE_METHOD_MATCH = YES;
				"CODE_SIGN_IDENTITY[sdk=iphoneos*]" = "iPhone Developer";
				COPY_PHASE_STRIP = NO;
				DEBUG_INFORMATION_FORMAT = dwarf;
				ENABLE_STRICT_OBJC_MSGSEND = YES;
				ENABLE_TESTABILITY = YES;
				GCC_C_LANGUAGE_STANDARD = gnu99;
				GCC_DYNAMIC_NO_PIC = NO;
				GCC_NO_COMMON_BLOCKS = YES;
				GCC_OPTIMIZATION_LEVEL = 0;
				GCC_PREPROCESSOR_DEFINITIONS = (
					"DEBUG=1",
					"$(inherited)",
				);
				GCC_WARN_64_TO_32_BIT_CONVERSION = YES;
				GCC_WARN_ABOUT_RETURN_TYPE = YES_ERROR;
				GCC_WARN_UNDECLARED_SELECTOR = YES;
				GCC_WARN_UNINITIALIZED_AUTOS = YES_AGGRESSIVE;
				GCC_WARN_UNUSED_FUNCTION = YES;
				GCC_WARN_UNUSED_VARIABLE = YES;
				IPHONEOS_DEPLOYMENT_TARGET = 9.2;
				MTL_ENABLE_DEBUG_INFO = YES;
				ONLY_ACTIVE_ARCH = YES;
				SDKROOT = iphoneos;
				SWIFT_OPTIMIZATION_LEVEL = "-Onone";
			};
			name = Debug;
		};
		682923901C5B0FAC0042ADA1 /* Release */ = {
			isa = XCBuildConfiguration;
			buildSettings = {
				ALWAYS_SEARCH_USER_PATHS = NO;
				CLANG_CXX_LANGUAGE_STANDARD = "gnu++0x";
				CLANG_CXX_LIBRARY = "libc++";
				CLANG_ENABLE_MODULES = YES;
				CLANG_ENABLE_OBJC_ARC = YES;
				CLANG_WARN_BOOL_CONVERSION = YES;
				CLANG_WARN_CONSTANT_CONVERSION = YES;
				CLANG_WARN_DIRECT_OBJC_ISA_USAGE = YES_ERROR;
				CLANG_WARN_EMPTY_BODY = YES;
				CLANG_WARN_ENUM_CONVERSION = YES;
				CLANG_WARN_INT_CONVERSION = YES;
				CLANG_WARN_OBJC_ROOT_CLASS = YES_ERROR;
				CLANG_WARN_UNREACHABLE_CODE = YES;
				CLANG_WARN__DUPLICATE_METHOD_MATCH = YES;
				"CODE_SIGN_IDENTITY[sdk=iphoneos*]" = "iPhone Developer";
				COPY_PHASE_STRIP = NO;
				DEBUG_INFORMATION_FORMAT = "dwarf-with-dsym";
				ENABLE_NS_ASSERTIONS = NO;
				ENABLE_STRICT_OBJC_MSGSEND = YES;
				GCC_C_LANGUAGE_STANDARD = gnu99;
				GCC_NO_COMMON_BLOCKS = YES;
				GCC_WARN_64_TO_32_BIT_CONVERSION = YES;
				GCC_WARN_ABOUT_RETURN_TYPE = YES_ERROR;
				GCC_WARN_UNDECLARED_SELECTOR = YES;
				GCC_WARN_UNINITIALIZED_AUTOS = YES_AGGRESSIVE;
				GCC_WARN_UNUSED_FUNCTION = YES;
				GCC_WARN_UNUSED_VARIABLE = YES;
				IPHONEOS_DEPLOYMENT_TARGET = 9.2;
				MTL_ENABLE_DEBUG_INFO = NO;
				SDKROOT = iphoneos;
				VALIDATE_PRODUCT = YES;
			};
			name = Release;
		};
		682923921C5B0FAC0042ADA1 /* Debug */ = {
			isa = XCBuildConfiguration;
			buildSettings = {
				ASSETCATALOG_COMPILER_APPICON_NAME = AppIcon;
				CODE_SIGN_IDENTITY = "iPhone Developer";
				INFOPLIST_FILE = OnTheMap/Info.plist;
				LD_RUNPATH_SEARCH_PATHS = "$(inherited) @executable_path/Frameworks";
				PRODUCT_BUNDLE_IDENTIFIER = com.edwardgroberski.OnTheMap;
				PRODUCT_NAME = "$(TARGET_NAME)";
			};
			name = Debug;
		};
		682923931C5B0FAC0042ADA1 /* Release */ = {
			isa = XCBuildConfiguration;
			buildSettings = {
				ASSETCATALOG_COMPILER_APPICON_NAME = AppIcon;
				CODE_SIGN_IDENTITY = "iPhone Developer";
				INFOPLIST_FILE = OnTheMap/Info.plist;
				LD_RUNPATH_SEARCH_PATHS = "$(inherited) @executable_path/Frameworks";
				PRODUCT_BUNDLE_IDENTIFIER = com.edwardgroberski.OnTheMap;
				PRODUCT_NAME = "$(TARGET_NAME)";
			};
			name = Release;
		};
/* End XCBuildConfiguration section */

/* Begin XCConfigurationList section */
		682923781C5B0FAC0042ADA1 /* Build configuration list for PBXProject "OnTheMap" */ = {
			isa = XCConfigurationList;
			buildConfigurations = (
				6829238F1C5B0FAC0042ADA1 /* Debug */,
				682923901C5B0FAC0042ADA1 /* Release */,
			);
			defaultConfigurationIsVisible = 0;
			defaultConfigurationName = Release;
		};
		682923911C5B0FAC0042ADA1 /* Build configuration list for PBXNativeTarget "OnTheMap" */ = {
			isa = XCConfigurationList;
			buildConfigurations = (
				682923921C5B0FAC0042ADA1 /* Debug */,
				682923931C5B0FAC0042ADA1 /* Release */,
			);
			defaultConfigurationIsVisible = 0;
			defaultConfigurationName = Release;
		};
/* End XCConfigurationList section */
	};
	rootObject = 682923751C5B0FAC0042ADA1 /* Project object */;
}
